
Microsoft Visual Studio Solution File, Format Version 12.00
# Visual Studio 2013
VisualStudioVersion = 12.0.31101.0
MinimumVisualStudioVersion = 10.0.40219.1
Project("{FAE04EC0-301F-11D3-BF4B-00C04F79EFBC}") = "SportsStore.Domain", "SportsStore.Domain\SportsStore.Domain.csproj", "{3862FB74-E91B-4FB8-AB3C-C7BB1DA666AE}"
EndProject
Project("{FAE04EC0-301F-11D3-BF4B-00C04F79EFBC}") = "SportsStore.WebUI", "SportsStore.WebUI\SportsStore.WebUI.csproj", "{CAB6010B-C32F-44ED-BC0B-4BB4D1024B86}"
EndProject
Project("{FAE04EC0-301F-11D3-BF4B-00C04F79EFBC}") = "SportsStore.UnitTests", "SportsStore.UnitTests\SportsStore.UnitTests.csproj", "{54BE0BD7-1B6C-4BAB-81AE-8FC43604A736}"
EndProject
Global
	GlobalSection(SolutionConfigurationPlatforms) = preSolution
		Debug|Any CPU = Debug|Any CPU
		Release|Any CPU = Release|Any CPU
	EndGlobalSection
	GlobalSection(ProjectConfigurationPlatforms) = postSolution
		{3862FB74-E91B-4FB8-AB3C-C7BB1DA666AE}.Debug|Any CPU.ActiveCfg = Debug|Any CPU
		{3862FB74-E91B-4FB8-AB3C-C7BB1DA666AE}.Debug|Any CPU.Build.0 = Debug|Any CPU
		{3862FB74-E91B-4FB8-AB3C-C7BB1DA666AE}.Release|Any CPU.ActiveCfg = Release|Any CPU
		{3862FB74-E91B-4FB8-AB3C-C7BB1DA666AE}.Release|Any CPU.Build.0 = Release|Any CPU
		{CAB6010B-C32F-44ED-BC0B-4BB4D1024B86}.Debug|Any CPU.ActiveCfg = Debug|Any CPU
		{CAB6010B-C32F-44ED-BC0B-4BB4D1024B86}.Debug|Any CPU.Build.0 = Debug|Any CPU
		{CAB6010B-C32F-44ED-BC0B-4BB4D1024B86}.Release|Any CPU.ActiveCfg = Release|Any CPU
		{CAB6010B-C32F-44ED-BC0B-4BB4D1024B86}.Release|Any CPU.Build.0 = Release|Any CPU
		{54BE0BD7-1B6C-4BAB-81AE-8FC43604A736}.Debug|Any CPU.ActiveCfg = Debug|Any CPU
		{54BE0BD7-1B6C-4BAB-81AE-8FC43604A736}.Debug|Any CPU.Build.0 = Debug|Any CPU
		{54BE0BD7-1B6C-4BAB-81AE-8FC43604A736}.Release|Any CPU.ActiveCfg = Release|Any CPU
		{54BE0BD7-1B6C-4BAB-81AE-8FC43604A736}.Release|Any CPU.Build.0 = Release|Any CPU
	EndGlobalSection
	GlobalSection(SolutionProperties) = preSolution
		HideSolutionNode = FALSE
	EndGlobalSection
EndGlobal
